schema: '2.0'
stages:
  dry_run:
    cmd: python eval/scripts/run_dry_run.py
    deps:
    - path: eval/scripts/run_dry_run.py
      hash: md5
      md5: efcf4692273c860bde7220743d6ccfe9
      size: 12722
    outs:
    - path: eval/metrics/dry_run_metrics.json
      hash: md5
      md5: 5293569474647e6f10072da180306ce0
      size: 844
    - path: eval/plots/dry_run_curves.csv
      hash: md5
      md5: 91a05669b9be0ec3372d256aa9dcb584
      size: 638
  eval_swebench_cl:
    cmd: python eval/benchmarks/swebench_cl_runner.py --limit 10
    deps:
    - path: eval/benchmarks/swebench_cl_runner.py
      hash: md5
      md5: d4f8f8122224895573773615398d5d2a
      size: 34196
    params:
      params.yaml:
        eval.limit: 10
    outs:
    - path: eval/metrics/swebench_cl_metrics.json
      hash: md5
      md5: 9e62484c9809228ee341520e91e054c5
      size: 705
    - path: eval/plots/swebench_cl_curves.csv
      hash: md5
      md5: b5944c964cbf4668b78b4b081c4a2ab5
      size: 2937
  eval_devbench:
    cmd: python eval/benchmarks/devbench_runner.py --limit 10
    deps:
    - path: eval/benchmarks/devbench_runner.py
      hash: md5
      md5: 09b8d5fecec5103d00b91eef6154038c
      size: 30277
    params:
      params.yaml:
        eval.limit: 10
    outs:
    - path: eval/metrics/devbench_metrics.json
      hash: md5
      md5: 4091ab4a456858fe4eedced3900a054e
      size: 15543
    - path: eval/plots/devbench_curves.csv
      hash: md5
      md5: 2de36b56dbbea5aebfea33420578a6d8
      size: 2197
  eval_intercode:
    cmd: python eval/benchmarks/intercode_runner.py --limit 10
    deps:
    - path: eval/benchmarks/intercode_runner.py
      hash: md5
      md5: 099e614e55feb625626059c137a7c46d
      size: 39060
    params:
      params.yaml:
        eval.limit: 10
    outs:
    - path: eval/metrics/intercode_metrics.json
      hash: md5
      md5: 449621bfad9891e04c08ca027a72f804
      size: 605
    - path: eval/plots/intercode_curves.csv
      hash: md5
      md5: bcce71665776bccbb7927171755a4564
      size: 336
  eval:
    cmd: python eval/scripts/aggregate_metrics.py
    deps:
    - path: eval/metrics/devbench_metrics.json
      hash: md5
      md5: 4091ab4a456858fe4eedced3900a054e
      size: 15543
    - path: eval/metrics/swebench_cl_metrics.json
      hash: md5
      md5: 9e62484c9809228ee341520e91e054c5
      size: 705
    - path: eval/scripts/aggregate_metrics.py
      hash: md5
      md5: ff53bbcb48a6a321a1df05b4d6e4ae68
      size: 471
    outs:
    - path: eval/metrics/summary_metrics.json
      hash: md5
      md5: 9d290767ea847fd847bffda75d26706d
      size: 2859
    - path: eval/plots/comparative_summary.csv
      hash: md5
      md5: 75adf750f91095ddb25af5859ba2fbaf
      size: 493
  dvc-code-analysis:
    cmd: bash .dvc-viewer/bootstrap.sh && dvc-viewer hash
    outs:
    - path: .dvc-viewer/hashes
      hash: md5
      md5: 59eb4d574d8a105d4f5b81e27487aebf.dir
      size: 1418
      nfiles: 8
