schema: '2.0'
stages:
  dry_run:
    cmd: python eval/scripts/run_dry_run.py
    deps:
    - path: eval/scripts/run_dry_run.py
      hash: md5
      md5: efcf4692273c860bde7220743d6ccfe9
      size: 12722
    outs:
    - path: eval/metrics/dry_run_metrics.json
      hash: md5
      md5: 5293569474647e6f10072da180306ce0
      size: 844
    - path: eval/plots/dry_run_curves.csv
      hash: md5
      md5: 91a05669b9be0ec3372d256aa9dcb584
      size: 638
  eval_swebench_cl:
    cmd: python eval/benchmarks/swebench_cl_runner.py --limit 15 --max-turns 50 
      --max-tokens 4096 --max-cost 0.1 --model qwen/qwen3.7-flash 
      --reset-checkpoint
    deps:
    - path: .dvc-viewer/hashes/eval_swebench_cl.hash
      hash: md5
      md5: 1012a160948758e65ac55c364cb98549
      size: 64
    - path: eval/benchmarks/swebench_cl_runner.py
      hash: md5
      md5: f57b9a0fc84817a9f88d8963d692228d
      size: 46871
    params:
      params.yaml:
        eval.limit: 15
        eval.max_cost_per_instance_usd: 0.1
        eval.max_tokens: 4096
        eval.max_turns: 50
        eval.model: qwen/qwen3.7-flash
    outs:
    - path: eval/metrics/swebench_cl_metrics.json
      hash: md5
      md5: 9f7ac013a46ff51156935e532fca267b
      size: 694
    - path: eval/plots/swebench_cl_curves.csv
      hash: md5
      md5: cf30f8acf5780c29c991c90bc496a115
      size: 1767
  eval_devbench:
    cmd: python eval/benchmarks/devbench_runner.py --limit 15 --max-turns 50 
      --max-tokens 4096 --max-cost 0.1 --model qwen/qwen3.7-flash 
      --reset-checkpoint
    deps:
    - path: .dvc-viewer/hashes/eval_devbench.hash
      hash: md5
      md5: 0b791862df0ba00edc483a958f7ce150
      size: 64
    - path: eval/benchmarks/devbench_runner.py
      hash: md5
      md5: 91f329f0e3fdcd306f51a14f788e152e
      size: 45538
    params:
      params.yaml:
        eval.limit: 15
        eval.max_cost_per_instance_usd: 0.1
        eval.max_tokens: 4096
        eval.max_turns: 50
        eval.model: qwen/qwen3.7-flash
    outs:
    - path: eval/metrics/devbench_metrics.json
      hash: md5
      md5: 58abfd0f9bc4fa06c2a278a15c35b91a
      size: 20140
    - path: eval/plots/devbench_curves.csv
      hash: md5
      md5: 1970223882f4694dd76cb740f06135a3
      size: 1897
  eval_intercode:
    cmd: python eval/benchmarks/intercode_runner.py --limit 10
    deps:
    - path: eval/benchmarks/intercode_runner.py
      hash: md5
      md5: 099e614e55feb625626059c137a7c46d
      size: 39060
    params:
      params.yaml:
        eval.limit: 10
    outs:
    - path: eval/metrics/intercode_metrics.json
      hash: md5
      md5: 449621bfad9891e04c08ca027a72f804
      size: 605
    - path: eval/plots/intercode_curves.csv
      hash: md5
      md5: bcce71665776bccbb7927171755a4564
      size: 336
  eval:
    cmd: python eval/scripts/aggregate_metrics.py
    deps:
    - path: .dvc-viewer/hashes/eval.hash
      hash: md5
      md5: 3c953d6b6fe2237f3504c43f8cb5fcd2
      size: 64
    - path: eval/metrics/devbench_metrics.json
      hash: md5
      md5: 58abfd0f9bc4fa06c2a278a15c35b91a
      size: 20140
    - path: eval/metrics/swebench_cl_metrics.json
      hash: md5
      md5: 9f7ac013a46ff51156935e532fca267b
      size: 694
    - path: eval/scripts/aggregate_metrics.py
      hash: md5
      md5: a378bee9fe04b3a187d4dd604fc096dc
      size: 452
    outs:
    - path: eval/metrics/summary_metrics.json
      hash: md5
      md5: af04e2af674e18555b27ce0c9efa75f7
      size: 2787
    - path: eval/plots/comparative_summary.csv
      hash: md5
      md5: ce438f2aac21a9c983965be0dc5fae3a
      size: 511
  dvc-code-analysis:
    cmd: bash .dvc-viewer/bootstrap.sh && dvc-viewer hash
    outs:
    - path: .dvc-viewer/hashes
      hash: md5
      md5: 723e9b7cde4828471b878152f8cf7583.dir
      size: 1418
      nfiles: 8
